
Microsoft Visual Studio Solution File, Format Version 12.00
# Visual Studio Version 17
VisualStudioVersion = 17.13.35818.85 d17.13
MinimumVisualStudioVersion = 10.0.40219.1
Project("{FAE04EC0-301F-11D3-BF4B-00C04F79EFBC}") = "BookingSystem", "BookingSystem\BookingSystem.csproj", "{2E16FC7E-BF9C-4EA9-8766-667D8FE253DF}"
EndProject
Global
	GlobalSection(SolutionConfigurationPlatforms) = preSolution
		Debug|Any CPU = Debug|Any CPU
		Release|Any CPU = Release|Any CPU
	EndGlobalSection
	GlobalSection(ProjectConfigurationPlatforms) = postSolution
		{2E16FC7E-BF9C-4EA9-8766-667D8FE253DF}.Debug|Any CPU.ActiveCfg = Debug|Any CPU
		{2E16FC7E-BF9C-4EA9-8766-667D8FE253DF}.Debug|Any CPU.Build.0 = Debug|Any CPU
		{2E16FC7E-BF9C-4EA9-8766-667D8FE253DF}.Release|Any CPU.ActiveCfg = Release|Any CPU
		{2E16FC7E-BF9C-4EA9-8766-667D8FE253DF}.Release|Any CPU.Build.0 = Release|Any CPU
	EndGlobalSection
	GlobalSection(SolutionProperties) = preSolution
		HideSolutionNode = FALSE
	EndGlobalSection
	GlobalSection(ExtensibilityGlobals) = postSolution
		SolutionGuid = {A45DE8C3-1CF2-47E2-B228-FFFC5C96CEAA}
	EndGlobalSection
EndGlobal
